
Microsoft Visual Studio Solution File, Format Version 12.00
# Visual Studio Version 17
VisualStudioVersion = 17.9.34607.119
MinimumVisualStudioVersion = 10.0.40219.1
Project("{FAE04EC0-301F-11D3-BF4B-00C04F79EFBC}") = "UserWebApplication.API", "UserWebApplication.API\UserWebApplication.API.csproj", "{580F39D9-277E-4711-A01A-C766568D57A6}"
EndProject
Project("{FAE04EC0-301F-11D3-BF4B-00C04F79EFBC}") = "UserWebApplication.Core", "UserWebApplication.Core\UserWebApplication.Core.csproj", "{7D78B957-5341-44BF-B1C3-CAC00B07B47A}"
EndProject
Project("{FAE04EC0-301F-11D3-BF4B-00C04F79EFBC}") = "UserWebApplication.Client", "UserWebApplication.Client\UserWebApplication.Client.csproj", "{243386F0-0465-4370-B778-1529088D7E2D}"
EndProject
Project("{FAE04EC0-301F-11D3-BF4B-00C04F79EFBC}") = "UserWebApplication.Db", "UserWebApplication.Db\UserWebApplication.Db.csproj", "{91C49A48-6DB4-4CE3-8EAA-450C930A917C}"
EndProject
Global
	GlobalSection(SolutionConfigurationPlatforms) = preSolution
		Debug|Any CPU = Debug|Any CPU
		Release|Any CPU = Release|Any CPU
	EndGlobalSection
	GlobalSection(ProjectConfigurationPlatforms) = postSolution
		{580F39D9-277E-4711-A01A-C766568D57A6}.Debug|Any CPU.ActiveCfg = Debug|Any CPU
		{580F39D9-277E-4711-A01A-C766568D57A6}.Debug|Any CPU.Build.0 = Debug|Any CPU
		{580F39D9-277E-4711-A01A-C766568D57A6}.Release|Any CPU.ActiveCfg = Release|Any CPU
		{580F39D9-277E-4711-A01A-C766568D57A6}.Release|Any CPU.Build.0 = Release|Any CPU
		{7D78B957-5341-44BF-B1C3-CAC00B07B47A}.Debug|Any CPU.ActiveCfg = Debug|Any CPU
		{7D78B957-5341-44BF-B1C3-CAC00B07B47A}.Debug|Any CPU.Build.0 = Debug|Any CPU
		{7D78B957-5341-44BF-B1C3-CAC00B07B47A}.Release|Any CPU.ActiveCfg = Release|Any CPU
		{7D78B957-5341-44BF-B1C3-CAC00B07B47A}.Release|Any CPU.Build.0 = Release|Any CPU
		{243386F0-0465-4370-B778-1529088D7E2D}.Debug|Any CPU.ActiveCfg = Debug|Any CPU
		{243386F0-0465-4370-B778-1529088D7E2D}.Debug|Any CPU.Build.0 = Debug|Any CPU
		{243386F0-0465-4370-B778-1529088D7E2D}.Release|Any CPU.ActiveCfg = Release|Any CPU
		{243386F0-0465-4370-B778-1529088D7E2D}.Release|Any CPU.Build.0 = Release|Any CPU
		{91C49A48-6DB4-4CE3-8EAA-450C930A917C}.Debug|Any CPU.ActiveCfg = Debug|Any CPU
		{91C49A48-6DB4-4CE3-8EAA-450C930A917C}.Debug|Any CPU.Build.0 = Debug|Any CPU
		{91C49A48-6DB4-4CE3-8EAA-450C930A917C}.Release|Any CPU.ActiveCfg = Release|Any CPU
		{91C49A48-6DB4-4CE3-8EAA-450C930A917C}.Release|Any CPU.Build.0 = Release|Any CPU
	EndGlobalSection
	GlobalSection(SolutionProperties) = preSolution
		HideSolutionNode = FALSE
	EndGlobalSection
	GlobalSection(ExtensibilityGlobals) = postSolution
		SolutionGuid = {5C5B255D-9836-4214-AFB7-DE4885F1162F}
	EndGlobalSection
EndGlobal
